
Microsoft Visual Studio Solution File, Format Version 12.00
# Visual Studio 2012
Project("{FAE04EC0-301F-11D3-BF4B-00C04F79EFBC}") = "chat_server", "chat_server\chat_server.csproj", "{7E23B83D-A364-4304-9494-8644F3361121}"
EndProject
Global
	GlobalSection(SolutionConfigurationPlatforms) = preSolution
		Debug|x86 = Debug|x86
		Release|x86 = Release|x86
	EndGlobalSection
	GlobalSection(ProjectConfigurationPlatforms) = postSolution
		{7E23B83D-A364-4304-9494-8644F3361121}.Debug|x86.ActiveCfg = Debug|x86
		{7E23B83D-A364-4304-9494-8644F3361121}.Debug|x86.Build.0 = Debug|x86
		{7E23B83D-A364-4304-9494-8644F3361121}.Release|x86.ActiveCfg = Release|x86
		{7E23B83D-A364-4304-9494-8644F3361121}.Release|x86.Build.0 = Release|x86
	EndGlobalSection
EndGlobal
